
Microsoft Visual Studio Solution File, Format Version 12.00
# Visual Studio Version 17
VisualStudioVersion = 17.1.32421.90
MinimumVisualStudioVersion = 10.0.40219.1
Project("{FAE04EC0-301F-11D3-BF4B-00C04F79EFBC}") = "ECommerceBlazor.Server", "ECommerceBlazor\Server\ECommerceBlazor.Server.csproj", "{79BB241F-81D4-4705-8B08-47711CEE35EB}"
EndProject
Project("{FAE04EC0-301F-11D3-BF4B-00C04F79EFBC}") = "ECommerceBlazor.Client", "ECommerceBlazor\Client\ECommerceBlazor.Client.csproj", "{23EB6938-FBCB-42A8-8865-AB69D282EDF2}"
EndProject
Project("{FAE04EC0-301F-11D3-BF4B-00C04F79EFBC}") = "ECommerceBlazor.Shared", "ECommerceBlazor\Shared\ECommerceBlazor.Shared.csproj", "{165F5572-1723-4CC5-8C6C-345CAC3F25B7}"
EndProject
Global
	GlobalSection(SolutionConfigurationPlatforms) = preSolution
		Debug|Any CPU = Debug|Any CPU
		Release|Any CPU = Release|Any CPU
	EndGlobalSection
	GlobalSection(ProjectConfigurationPlatforms) = postSolution
		{79BB241F-81D4-4705-8B08-47711CEE35EB}.Debug|Any CPU.ActiveCfg = Debug|Any CPU
		{79BB241F-81D4-4705-8B08-47711CEE35EB}.Debug|Any CPU.Build.0 = Debug|Any CPU
		{79BB241F-81D4-4705-8B08-47711CEE35EB}.Release|Any CPU.ActiveCfg = Release|Any CPU
		{79BB241F-81D4-4705-8B08-47711CEE35EB}.Release|Any CPU.Build.0 = Release|Any CPU
		{23EB6938-FBCB-42A8-8865-AB69D282EDF2}.Debug|Any CPU.ActiveCfg = Debug|Any CPU
		{23EB6938-FBCB-42A8-8865-AB69D282EDF2}.Debug|Any CPU.Build.0 = Debug|Any CPU
		{23EB6938-FBCB-42A8-8865-AB69D282EDF2}.Release|Any CPU.ActiveCfg = Release|Any CPU
		{23EB6938-FBCB-42A8-8865-AB69D282EDF2}.Release|Any CPU.Build.0 = Release|Any CPU
		{165F5572-1723-4CC5-8C6C-345CAC3F25B7}.Debug|Any CPU.ActiveCfg = Debug|Any CPU
		{165F5572-1723-4CC5-8C6C-345CAC3F25B7}.Debug|Any CPU.Build.0 = Debug|Any CPU
		{165F5572-1723-4CC5-8C6C-345CAC3F25B7}.Release|Any CPU.ActiveCfg = Release|Any CPU
		{165F5572-1723-4CC5-8C6C-345CAC3F25B7}.Release|Any CPU.Build.0 = Release|Any CPU
	EndGlobalSection
	GlobalSection(SolutionProperties) = preSolution
		HideSolutionNode = FALSE
	EndGlobalSection
	GlobalSection(ExtensibilityGlobals) = postSolution
		SolutionGuid = {3B066478-95A4-4EBA-B5BE-70FEA11D905A}
	EndGlobalSection
EndGlobal
